{
	"name": "@framer/fhur.baseui",
	"version": "1.1.0",
	"lockfileVersion": 1,
	"requires": true,
	"dependencies": {
		"@babel/runtime": {
			"version": "7.6.0",
			"resolved": "https://registry.npmjs.org/@babel/runtime/-/runtime-7.6.0.tgz",
			"integrity": "sha512-89eSBLJsxNxOERC0Op4vd+0Bqm6wRMqMbFtV3i0/fbaWw/mJ8Q3eBvgX0G4SyrOOLCtbu98HspF8o09MRT+KzQ==",
			"requires": {
				"regenerator-runtime": "^0.13.2"
			}
		},
		"@types/prop-types": {
			"version": "15.7.2",
			"resolved": "https://registry.npmjs.org/@types/prop-types/-/prop-types-15.7.2.tgz",
			"integrity": "sha512-f8JzJNWVhKtc9dg/dyDNfliTKNOJSLa7Oht/ElZdF/UbMUmAH3rLmAk3ODNjw0mZajDEgatA03tRjB4+Dp/tzA=="
		},
		"@types/react": {
			"version": "16.8.4",
			"resolved": "https://registry.npmjs.org/@types/react/-/react-16.8.4.tgz",
			"integrity": "sha512-Mpz1NNMJvrjf0GcDqiK8+YeOydXfD8Mgag3UtqQ5lXYTsMnOiHcKmO48LiSWMb1rSHB9MV/jlgyNzeAVxWMZRQ==",
			"requires": {
				"@types/prop-types": "*",
				"csstype": "^2.2.0"
			}
		},
		"@types/styletron-engine-atomic": {
			"version": "1.1.0",
			"resolved": "https://registry.npmjs.org/@types/styletron-engine-atomic/-/styletron-engine-atomic-1.1.0.tgz",
			"integrity": "sha512-wEU9lwW+sEZ7y8lRmPe2NLNeJzm7AgvK72CVE0iHoT1pyzS90O9APgxaN5E83p4h8ej7wOaS3swBZtvZ08B/LQ==",
			"requires": {
				"@types/styletron-standard": "*"
			}
		},
		"@types/styletron-react": {
			"version": "5.0.1",
			"resolved": "https://registry.npmjs.org/@types/styletron-react/-/styletron-react-5.0.1.tgz",
			"integrity": "sha512-rOgsOZwRiRKQfxxM6cguh1Tk3vyLzOFxCq3CoDgAPp79qg6oK5VlF0gc9hnk9Tl4UYv0fKJRkJ+oy/UJk5x5PA==",
			"requires": {
				"@types/react": "*",
				"@types/styletron-standard": "*"
			}
		},
		"@types/styletron-standard": {
			"version": "2.0.0",
			"resolved": "https://registry.npmjs.org/@types/styletron-standard/-/styletron-standard-2.0.0.tgz",
			"integrity": "sha512-TCNFfgWmGLyuthLVl55Bvw6xjdflrtJ43+CIB+UfumLDRDFdANPB5fnMP/gahepI/QUaLI0nVuZYfNq/MTCjdQ==",
			"requires": {
				"csstype": "^2.6.4"
			},
			"dependencies": {
				"csstype": {
					"version": "2.6.6",
					"resolved": "https://registry.npmjs.org/csstype/-/csstype-2.6.6.tgz",
					"integrity": "sha512-RpFbQGUE74iyPgvr46U9t1xoQBM8T4BL8SxrN66Le2xYAPSaDJJKeztV3awugusb3g3G9iL8StmkBBXhcbbXhg=="
				}
			}
		},
		"agent-base": {
			"version": "4.3.0",
			"resolved": "https://registry.npmjs.org/agent-base/-/agent-base-4.3.0.tgz",
			"integrity": "sha512-salcGninV0nPrwpGNn4VTXBb1SOuXQBiqbrNXoeizJsHrsL6ERFM2Ne3JUSBWRE6aeNJI2ROP/WEEIDUiDe3cg==",
			"requires": {
				"es6-promisify": "^5.0.0"
			}
		},
		"async-limiter": {
			"version": "1.0.1",
			"resolved": "https://registry.npmjs.org/async-limiter/-/async-limiter-1.0.1.tgz",
			"integrity": "sha512-csOlWGAcRFJaI6m+F2WKdnMKr4HhdhFVBk0H/QbJFMCr+uO2kwohwXQPxw/9OCxp05r5ghVBFSyioixx3gfkNQ=="
		},
		"attr-accept": {
			"version": "1.1.3",
			"resolved": "https://registry.npmjs.org/attr-accept/-/attr-accept-1.1.3.tgz",
			"integrity": "sha512-iT40nudw8zmCweivz6j58g+RT33I4KbaIvRUhjNmDwO2WmsQUxFEZZYZ5w3vXe5x5MX9D7mfvA/XaLOZYFR9EQ==",
			"requires": {
				"core-js": "^2.5.0"
			}
		},
		"babel-runtime": {
			"version": "6.26.0",
			"resolved": "https://registry.npmjs.org/babel-runtime/-/babel-runtime-6.26.0.tgz",
			"integrity": "sha1-llxwWGaOgrVde/4E/yM3vItWR/4=",
			"requires": {
				"core-js": "^2.4.0",
				"regenerator-runtime": "^0.11.0"
			},
			"dependencies": {
				"regenerator-runtime": {
					"version": "0.11.1",
					"resolved": "https://registry.npmjs.org/regenerator-runtime/-/regenerator-runtime-0.11.1.tgz",
					"integrity": "sha512-MguG95oij0fC3QV3URf4V2SDYGJhJnJGqvIIgdECeODCT98wSWDAJ94SSuVpYQUoTcGUIL6L4yNB7j1DFFHSBg=="
				}
			}
		},
		"balanced-match": {
			"version": "1.0.0",
			"resolved": "https://registry.npmjs.org/balanced-match/-/balanced-match-1.0.0.tgz",
			"integrity": "sha1-ibTRmasr7kneFk6gK4nORi1xt2c="
		},
		"baseui": {
			"version": "8.16.5",
			"resolved": "https://registry.npmjs.org/baseui/-/baseui-8.16.5.tgz",
			"integrity": "sha512-1uInDT56G5vX5cDWxHDEy6zXFmLlARhvTZ4QfsFzdD0taxR2DqBO5htU8G/2CoXWT16yBhd28sZ9hVgnXjIQ1g==",
			"requires": {
				"card-validator": "^6.1.0",
				"date-fns": "2.0.0-beta.5",
				"just-extend": "^4.0.2",
				"memoize-one": "^5.0.0",
				"polished": "^3.2.0",
				"popper.js": "^1.14.3",
				"puppeteer": "^1.19.0",
				"react-dropzone": "^9.0.0",
				"react-focus-lock": "^1.9.1",
				"react-input-mask": "^2.0.4",
				"react-is": "^16.8.6",
				"react-movable": "^2.2.0",
				"react-multi-ref": "^1.0.0",
				"react-range": "^1.3.0",
				"react-virtualized": "^9.21.1",
				"smoothscroll-polyfill": "^0.4.3",
				"timezone-support": "^2.0.0"
			}
		},
		"brace-expansion": {
			"version": "1.1.11",
			"resolved": "https://registry.npmjs.org/brace-expansion/-/brace-expansion-1.1.11.tgz",
			"integrity": "sha512-iCuPHDFgrHX7H2vEI/5xpz07zSHB00TpugqhmYtVmMO6518mCuRMoOYFldEBl0g187ufozdaHgWKcYFb61qGiA==",
			"requires": {
				"balanced-match": "^1.0.0",
				"concat-map": "0.0.1"
			}
		},
		"buffer-from": {
			"version": "1.1.1",
			"resolved": "https://registry.npmjs.org/buffer-from/-/buffer-from-1.1.1.tgz",
			"integrity": "sha512-MQcXEUbCKtEo7bhqEs6560Hyd4XaovZlO/k9V3hjVUF/zwW7KBVdSK4gIt/bzwS9MbR5qob+F5jusZsb0YQK2A=="
		},
		"card-validator": {
			"version": "6.2.0",
			"resolved": "https://registry.npmjs.org/card-validator/-/card-validator-6.2.0.tgz",
			"integrity": "sha512-1vYv45JaE9NmixZr4dl6ykzbFKv7imI9L7MQDs235b/a7EGbG8rrEsipeHtVvscLSUbl3RX6UP5gyOe0Y2FlHA==",
			"requires": {
				"credit-card-type": "^8.0.0"
			}
		},
		"clsx": {
			"version": "1.0.4",
			"resolved": "https://registry.npmjs.org/clsx/-/clsx-1.0.4.tgz",
			"integrity": "sha512-1mQ557MIZTrL/140j+JVdRM6e31/OA4vTYxXgqIIZlndyfjHpyawKZia1Im05Vp9BWmImkcNrNtFYQMyFcgJDg=="
		},
		"commander": {
			"version": "2.20.0",
			"resolved": "https://registry.npmjs.org/commander/-/commander-2.20.0.tgz",
			"integrity": "sha512-7j2y+40w61zy6YC2iRNpUe/NwhNyoXrYpHMrSunaMG64nRnaf96zO/KMQR4OyN/UnE5KLyEBnKHd4aG3rskjpQ=="
		},
		"concat-map": {
			"version": "0.0.1",
			"resolved": "https://registry.npmjs.org/concat-map/-/concat-map-0.0.1.tgz",
			"integrity": "sha1-2Klr13/Wjfd5OnMDajug1UBdR3s="
		},
		"concat-stream": {
			"version": "1.6.2",
			"resolved": "https://registry.npmjs.org/concat-stream/-/concat-stream-1.6.2.tgz",
			"integrity": "sha512-27HBghJxjiZtIk3Ycvn/4kbJk/1uZuJFfuPEns6LaEvpvG1f0hTea8lilrouyo9mVc2GWdcEZ8OLoGmSADlrCw==",
			"requires": {
				"buffer-from": "^1.0.0",
				"inherits": "^2.0.3",
				"readable-stream": "^2.2.2",
				"typedarray": "^0.0.6"
			}
		},
		"core-js": {
			"version": "2.6.9",
			"resolved": "https://registry.npmjs.org/core-js/-/core-js-2.6.9.tgz",
			"integrity": "sha512-HOpZf6eXmnl7la+cUdMnLvUxKNqLUzJvgIziQ0DiF3JwSImNphIqdGqzj6hIKyX04MmV0poclQ7+wjWvxQyR2A=="
		},
		"core-util-is": {
			"version": "1.0.2",
			"resolved": "https://registry.npmjs.org/core-util-is/-/core-util-is-1.0.2.tgz",
			"integrity": "sha1-tf1UIgqivFq1eqtxQMlAdUUDwac="
		},
		"credit-card-type": {
			"version": "8.3.0",
			"resolved": "https://registry.npmjs.org/credit-card-type/-/credit-card-type-8.3.0.tgz",
			"integrity": "sha512-czfZUpQ7W9CDxZL4yFLb1kFtM/q2lTOY975hL2aO+DC8+GRNDVSXVCHXhVFZPxiUKmQCZbFP8vIhxx5TBQaThw=="
		},
		"css-in-js-utils": {
			"version": "2.0.1",
			"resolved": "https://registry.npmjs.org/css-in-js-utils/-/css-in-js-utils-2.0.1.tgz",
			"integrity": "sha512-PJF0SpJT+WdbVVt0AOYp9C8GnuruRlL/UFW7932nLWmFLQTaWEzTBQEx7/hn4BuV+WON75iAViSUJLiU3PKbpA==",
			"requires": {
				"hyphenate-style-name": "^1.0.2",
				"isobject": "^3.0.1"
			}
		},
		"csstype": {
			"version": "2.6.6",
			"resolved": "https://registry.npmjs.org/csstype/-/csstype-2.6.6.tgz",
			"integrity": "sha512-RpFbQGUE74iyPgvr46U9t1xoQBM8T4BL8SxrN66Le2xYAPSaDJJKeztV3awugusb3g3G9iL8StmkBBXhcbbXhg=="
		},
		"date-fns": {
			"version": "2.0.0-beta.5",
			"resolved": "https://registry.npmjs.org/date-fns/-/date-fns-2.0.0-beta.5.tgz",
			"integrity": "sha512-GS5yi964NDFNoja9yOdWFj9T97T67yLrUeJZgddHaVfc/6tHWtX7RXocuubmZkNzrZUZ9BqBOW7jTR5OoWjJ1w=="
		},
		"debug": {
			"version": "4.1.1",
			"resolved": "https://registry.npmjs.org/debug/-/debug-4.1.1.tgz",
			"integrity": "sha512-pYAIzeRo8J6KPEaJ0VWOh5Pzkbw/RetuzehGM7QRRX5he4fPHx2rdKMB256ehJCkX+XRQm16eZLqLNS8RSZXZw==",
			"requires": {
				"ms": "^2.1.1"
			}
		},
		"dom-helpers": {
			"version": "3.4.0",
			"resolved": "https://registry.npmjs.org/dom-helpers/-/dom-helpers-3.4.0.tgz",
			"integrity": "sha512-LnuPJ+dwqKDIyotW1VzmOZ5TONUN7CwkCR5hrgawTUbkBGYdeoNLZo6nNfGkCrjtE1nXXaj7iMMpDa8/d9WoIA==",
			"requires": {
				"@babel/runtime": "^7.1.2"
			}
		},
		"es6-promise": {
			"version": "4.2.8",
			"resolved": "https://registry.npmjs.org/es6-promise/-/es6-promise-4.2.8.tgz",
			"integrity": "sha512-HJDGx5daxeIvxdBxvG2cb9g4tEvwIk3i8+nhX0yGrYmZUzbkdg8QbDevheDB8gd0//uPj4c1EQua8Q+MViT0/w=="
		},
		"es6-promisify": {
			"version": "5.0.0",
			"resolved": "https://registry.npmjs.org/es6-promisify/-/es6-promisify-5.0.0.tgz",
			"integrity": "sha1-UQnWLz5W6pZ8S2NQWu8IKRyKUgM=",
			"requires": {
				"es6-promise": "^4.0.3"
			}
		},
		"extract-zip": {
			"version": "1.6.7",
			"resolved": "https://registry.npmjs.org/extract-zip/-/extract-zip-1.6.7.tgz",
			"integrity": "sha1-qEC0uK9kAyZMjbV/Txp0Mz74H+k=",
			"requires": {
				"concat-stream": "1.6.2",
				"debug": "2.6.9",
				"mkdirp": "0.5.1",
				"yauzl": "2.4.1"
			},
			"dependencies": {
				"debug": {
					"version": "2.6.9",
					"resolved": "https://registry.npmjs.org/debug/-/debug-2.6.9.tgz",
					"integrity": "sha512-bC7ElrdJaJnPbAP+1EotYvqZsb3ecl5wi6Bfi6BJTUcNowp6cvspg0jXznRTKDjm/E7AdgFBVeAPVMNcKGsHMA==",
					"requires": {
						"ms": "2.0.0"
					}
				},
				"ms": {
					"version": "2.0.0",
					"resolved": "https://registry.npmjs.org/ms/-/ms-2.0.0.tgz",
					"integrity": "sha1-VgiurfwAvmwpAd9fmGF4jeDVl8g="
				}
			}
		},
		"fd-slicer": {
			"version": "1.0.1",
			"resolved": "https://registry.npmjs.org/fd-slicer/-/fd-slicer-1.0.1.tgz",
			"integrity": "sha1-i1vL2ewyfFBBv5qwI/1nUPEXfmU=",
			"requires": {
				"pend": "~1.2.0"
			}
		},
		"file-selector": {
			"version": "0.1.12",
			"resolved": "https://registry.npmjs.org/file-selector/-/file-selector-0.1.12.tgz",
			"integrity": "sha512-Kx7RTzxyQipHuiqyZGf+Nz4vY9R1XGxuQl/hLoJwq+J4avk/9wxxgZyHKtbyIPJmbD4A66DWGYfyykWNpcYutQ==",
			"requires": {
				"tslib": "^1.9.0"
			}
		},
		"focus-lock": {
			"version": "0.6.5",
			"resolved": "https://registry.npmjs.org/focus-lock/-/focus-lock-0.6.5.tgz",
			"integrity": "sha512-i/mVBOoa9o+tl+u9owOJUF8k8L85odZNIsctB+JAK2HFT8jckiBwmk+3uydlm6FN8czgnkIwQtBv6yyAbrzXjw=="
		},
		"framer": {
			"version": "1.1.3",
			"resolved": "https://registry.npmjs.org/framer/-/framer-1.1.3.tgz",
			"integrity": "sha512-FdBywO25ZN+zZWPB3S07Wq83qfO7CNlq5uhkF0QV66qM8KDdqmdRW3N+xWuIW7M0eq8EUqgRaAQzfkaC8LFuHg==",
			"dev": true
		},
		"fs.realpath": {
			"version": "1.0.0",
			"resolved": "https://registry.npmjs.org/fs.realpath/-/fs.realpath-1.0.0.tgz",
			"integrity": "sha1-FQStJSMVjKpA20onh8sBQRmU6k8="
		},
		"glob": {
			"version": "7.1.4",
			"resolved": "https://registry.npmjs.org/glob/-/glob-7.1.4.tgz",
			"integrity": "sha512-hkLPepehmnKk41pUGm3sYxoFs/umurYfYJCerbXEyFIWcAzvpipAgVkBqqT9RBKMGjnq6kMuyYwha6csxbiM1A==",
			"requires": {
				"fs.realpath": "^1.0.0",
				"inflight": "^1.0.4",
				"inherits": "2",
				"minimatch": "^3.0.4",
				"once": "^1.3.0",
				"path-is-absolute": "^1.0.0"
			}
		},
		"https-proxy-agent": {
			"version": "2.2.2",
			"resolved": "https://registry.npmjs.org/https-proxy-agent/-/https-proxy-agent-2.2.2.tgz",
			"integrity": "sha512-c8Ndjc9Bkpfx/vCJueCPy0jlP4ccCCSNDp8xwCZzPjKJUm+B+u9WX2x98Qx4n1PiMNTWo3D7KK5ifNV/yJyRzg==",
			"requires": {
				"agent-base": "^4.3.0",
				"debug": "^3.1.0"
			},
			"dependencies": {
				"debug": {
					"version": "3.2.6",
					"resolved": "https://registry.npmjs.org/debug/-/debug-3.2.6.tgz",
					"integrity": "sha512-mel+jf7nrtEl5Pn1Qx46zARXKDpBbvzezse7p7LqINmdoIk8PYP5SySaxEmYv6TZ0JyEKA1hsCId6DIhgITtWQ==",
					"requires": {
						"ms": "^2.1.1"
					}
				}
			}
		},
		"hyphenate-style-name": {
			"version": "1.0.3",
			"resolved": "https://registry.npmjs.org/hyphenate-style-name/-/hyphenate-style-name-1.0.3.tgz",
			"integrity": "sha512-EcuixamT82oplpoJ2XU4pDtKGWQ7b00CD9f1ug9IaQ3p1bkHMiKCZ9ut9QDI6qsa6cpUuB+A/I+zLtdNK4n2DQ=="
		},
		"inflight": {
			"version": "1.0.6",
			"resolved": "https://registry.npmjs.org/inflight/-/inflight-1.0.6.tgz",
			"integrity": "sha1-Sb1jMdfQLQwJvJEKEHW6gWW1bfk=",
			"requires": {
				"once": "^1.3.0",
				"wrappy": "1"
			}
		},
		"inherits": {
			"version": "2.0.4",
			"resolved": "https://registry.npmjs.org/inherits/-/inherits-2.0.4.tgz",
			"integrity": "sha512-k/vGaX4/Yla3WzyMCvTQOXYeIHvqOKtnqBduzTHpzpQZzAskKMhZ2K+EnBiSM9zGSoIFeMpXKxa4dYeZIQqewQ=="
		},
		"inline-style-prefixer": {
			"version": "5.1.0",
			"resolved": "https://registry.npmjs.org/inline-style-prefixer/-/inline-style-prefixer-5.1.0.tgz",
			"integrity": "sha512-giteQHPMrApQOSjNSjteO5ZGSGMRf9gas14fRy2lg2buSc1nRnj6o6xuNds5cMTKrkncyrTu3gJn/yflFMVdmg==",
			"requires": {
				"css-in-js-utils": "^2.0.0"
			}
		},
		"invariant": {
			"version": "2.2.4",
			"resolved": "https://registry.npmjs.org/invariant/-/invariant-2.2.4.tgz",
			"integrity": "sha512-phJfQVBuaJM5raOpJjSfkiD6BpbCE4Ns//LaXl6wGYtUBY83nWS6Rf9tXm2e8VaK60JEjYldbPif/A2B1C2gNA==",
			"requires": {
				"loose-envify": "^1.0.0"
			}
		},
		"isarray": {
			"version": "1.0.0",
			"resolved": "https://registry.npmjs.org/isarray/-/isarray-1.0.0.tgz",
			"integrity": "sha1-u5NdSFgsuhaMBoNJV6VKPgcSTxE="
		},
		"isobject": {
			"version": "3.0.1",
			"resolved": "https://registry.npmjs.org/isobject/-/isobject-3.0.1.tgz",
			"integrity": "sha1-TkMekrEalzFjaqH5yNHMvP2reN8="
		},
		"js-tokens": {
			"version": "4.0.0",
			"resolved": "https://registry.npmjs.org/js-tokens/-/js-tokens-4.0.0.tgz",
			"integrity": "sha512-RdJUflcE3cUzKiMqQgsCu06FPu9UdIJO0beYbPhHN4k6apgJtifcoCtT9bcxOpYBtpD2kCM6Sbzg4CausW/PKQ=="
		},
		"just-extend": {
			"version": "4.0.2",
			"resolved": "https://registry.npmjs.org/just-extend/-/just-extend-4.0.2.tgz",
			"integrity": "sha512-FrLwOgm+iXrPV+5zDU6Jqu4gCRXbWEQg2O3SKONsWE4w7AXFRkryS53bpWdaL9cNol+AmR3AEYz6kn+o0fCPnw=="
		},
		"linear-layout-vector": {
			"version": "0.0.1",
			"resolved": "https://registry.npmjs.org/linear-layout-vector/-/linear-layout-vector-0.0.1.tgz",
			"integrity": "sha1-OYEU1zA7bsx/1rJzr3uEAdi6nHA="
		},
		"loose-envify": {
			"version": "1.4.0",
			"resolved": "https://registry.npmjs.org/loose-envify/-/loose-envify-1.4.0.tgz",
			"integrity": "sha512-lyuxPGr/Wfhrlem2CL/UcnUc1zcqKAImBDzukY7Y5F/yQiNdko6+fRLevlw1HgMySw7f611UIY408EtxRSoK3Q==",
			"requires": {
				"js-tokens": "^3.0.0 || ^4.0.0"
			}
		},
		"memoize-one": {
			"version": "5.1.1",
			"resolved": "https://registry.npmjs.org/memoize-one/-/memoize-one-5.1.1.tgz",
			"integrity": "sha512-HKeeBpWvqiVJD57ZUAsJNm71eHTykffzcLZVYWiVfQeI1rJtuEaS7hQiEpWfVVk18donPwJEcFKIkCmPJNOhHA=="
		},
		"mime": {
			"version": "2.4.4",
			"resolved": "https://registry.npmjs.org/mime/-/mime-2.4.4.tgz",
			"integrity": "sha512-LRxmNwziLPT828z+4YkNzloCFC2YM4wrB99k+AV5ZbEyfGNWfG8SO1FUXLmLDBSo89NrJZ4DIWeLjy1CHGhMGA=="
		},
		"minimatch": {
			"version": "3.0.4",
			"resolved": "https://registry.npmjs.org/minimatch/-/minimatch-3.0.4.tgz",
			"integrity": "sha512-yJHVQEhyqPLUTgt9B83PXu6W3rx4MvvHvSUvToogpwoGDOUQ+yDrR0HRot+yOCdCO7u4hX3pWft6kWBBcqh0UA==",
			"requires": {
				"brace-expansion": "^1.1.7"
			}
		},
		"minimist": {
			"version": "0.0.8",
			"resolved": "https://registry.npmjs.org/minimist/-/minimist-0.0.8.tgz",
			"integrity": "sha1-hX/Kv8M5fSYluCKCYuhqp6ARsF0="
		},
		"mkdirp": {
			"version": "0.5.1",
			"resolved": "https://registry.npmjs.org/mkdirp/-/mkdirp-0.5.1.tgz",
			"integrity": "sha1-MAV0OOrGz3+MR2fzhkjWaX11yQM=",
			"requires": {
				"minimist": "0.0.8"
			}
		},
		"ms": {
			"version": "2.1.2",
			"resolved": "https://registry.npmjs.org/ms/-/ms-2.1.2.tgz",
			"integrity": "sha512-sGkPx+VjMtmA6MX27oA4FBFELFCZZ4S4XqeGOXCv68tT+jb3vk/RyaKWP0PTKyWtmLSM0b+adUTEvbs1PEaH2w=="
		},
		"object-assign": {
			"version": "4.1.1",
			"resolved": "https://registry.npmjs.org/object-assign/-/object-assign-4.1.1.tgz",
			"integrity": "sha1-IQmtx5ZYh8/AXLvUQsrIv7s2CGM="
		},
		"object-hash": {
			"version": "1.3.1",
			"resolved": "https://registry.npmjs.org/object-hash/-/object-hash-1.3.1.tgz",
			"integrity": "sha512-OSuu/pU4ENM9kmREg0BdNrUDIl1heYa4mBZacJc+vVWz4GtAwu7jO8s4AIt2aGRUTqxykpWzI3Oqnsm13tTMDA=="
		},
		"once": {
			"version": "1.4.0",
			"resolved": "https://registry.npmjs.org/once/-/once-1.4.0.tgz",
			"integrity": "sha1-WDsap3WWHUsROsF9nFC6753Xa9E=",
			"requires": {
				"wrappy": "1"
			}
		},
		"path-is-absolute": {
			"version": "1.0.1",
			"resolved": "https://registry.npmjs.org/path-is-absolute/-/path-is-absolute-1.0.1.tgz",
			"integrity": "sha1-F0uSaHNVNP+8es5r9TpanhtcX18="
		},
		"pend": {
			"version": "1.2.0",
			"resolved": "https://registry.npmjs.org/pend/-/pend-1.2.0.tgz",
			"integrity": "sha1-elfrVQpng/kRUzH89GY9XI4AelA="
		},
		"polished": {
			"version": "3.4.1",
			"resolved": "https://registry.npmjs.org/polished/-/polished-3.4.1.tgz",
			"integrity": "sha512-GflTnlP5rrpDoigjczEkS6Ye7NDA4sFvAnlr5hSDrEvjiVj97Xzev3hZlLi3UB27fpxyTS9rWU64VzVLWkG+mg==",
			"requires": {
				"@babel/runtime": "^7.4.5"
			}
		},
		"popper.js": {
			"version": "1.15.0",
			"resolved": "https://registry.npmjs.org/popper.js/-/popper.js-1.15.0.tgz",
			"integrity": "sha512-w010cY1oCUmI+9KwwlWki+r5jxKfTFDVoadl7MSrIujHU5MJ5OR6HTDj6Xo8aoR/QsA56x8jKjA59qGH4ELtrA=="
		},
		"prettier": {
			"version": "1.18.2",
			"resolved": "https://registry.npmjs.org/prettier/-/prettier-1.18.2.tgz",
			"integrity": "sha512-OeHeMc0JhFE9idD4ZdtNibzY0+TPHSpSSb9h8FqtP+YnoZZ1sl8Vc9b1sasjfymH3SonAF4QcA2+mzHPhMvIiw==",
			"dev": true
		},
		"process-nextick-args": {
			"version": "2.0.1",
			"resolved": "https://registry.npmjs.org/process-nextick-args/-/process-nextick-args-2.0.1.tgz",
			"integrity": "sha512-3ouUOpQhtgrbOa17J7+uxOTpITYWaGP7/AhoR3+A+/1e9skrzelGi/dXzEYyvbxubEF6Wn2ypscTKiKJFFn1ag=="
		},
		"progress": {
			"version": "2.0.3",
			"resolved": "https://registry.npmjs.org/progress/-/progress-2.0.3.tgz",
			"integrity": "sha512-7PiHtLll5LdnKIMw100I+8xJXR5gW2QwWYkT6iJva0bXitZKa/XMrSbdmg3r2Xnaidz9Qumd0VPaMrZlF9V9sA=="
		},
		"prop-types": {
			"version": "15.7.2",
			"resolved": "https://registry.npmjs.org/prop-types/-/prop-types-15.7.2.tgz",
			"integrity": "sha512-8QQikdH7//R2vurIJSutZ1smHYTcLpRWEOlHnzcWHmBYrOGUysKwSsrC89BCiFj3CbrfJ/nXFdJepOVrY1GCHQ==",
			"requires": {
				"loose-envify": "^1.4.0",
				"object-assign": "^4.1.1",
				"react-is": "^16.8.1"
			}
		},
		"prop-types-extra": {
			"version": "1.1.0",
			"resolved": "https://registry.npmjs.org/prop-types-extra/-/prop-types-extra-1.1.0.tgz",
			"integrity": "sha512-QFyuDxvMipmIVKD2TwxLVPzMnO4e5oOf1vr3tJIomL8E7d0lr6phTHd5nkPhFIzTD1idBLLEPeylL9g+rrTzRg==",
			"requires": {
				"react-is": "^16.3.2",
				"warning": "^3.0.0"
			},
			"dependencies": {
				"warning": {
					"version": "3.0.0",
					"resolved": "https://registry.npmjs.org/warning/-/warning-3.0.0.tgz",
					"integrity": "sha1-MuU3fLVy3kqwR1O9+IIcAe1gW3w=",
					"requires": {
						"loose-envify": "^1.0.0"
					}
				}
			}
		},
		"proxy-from-env": {
			"version": "1.0.0",
			"resolved": "https://registry.npmjs.org/proxy-from-env/-/proxy-from-env-1.0.0.tgz",
			"integrity": "sha1-M8UDmPcOp+uW0h97gXYwpVeRx+4="
		},
		"puppeteer": {
			"version": "1.20.0",
			"resolved": "https://registry.npmjs.org/puppeteer/-/puppeteer-1.20.0.tgz",
			"integrity": "sha512-bt48RDBy2eIwZPrkgbcwHtb51mj2nKvHOPMaSH2IsWiv7lOG9k9zhaRzpDZafrk05ajMc3cu+lSQYYOfH2DkVQ==",
			"requires": {
				"debug": "^4.1.0",
				"extract-zip": "^1.6.6",
				"https-proxy-agent": "^2.2.1",
				"mime": "^2.0.3",
				"progress": "^2.0.1",
				"proxy-from-env": "^1.0.0",
				"rimraf": "^2.6.1",
				"ws": "^6.1.0"
			}
		},
		"react-clientside-effect": {
			"version": "1.2.2",
			"resolved": "https://registry.npmjs.org/react-clientside-effect/-/react-clientside-effect-1.2.2.tgz",
			"integrity": "sha512-nRmoyxeok5PBO6ytPvSjKp9xwXg9xagoTK1mMjwnQxqM9Hd7MNPl+LS1bOSOe+CV2+4fnEquc7H/S8QD3q697A==",
			"requires": {
				"@babel/runtime": "^7.0.0"
			}
		},
		"react-dropzone": {
			"version": "9.0.0",
			"resolved": "https://registry.npmjs.org/react-dropzone/-/react-dropzone-9.0.0.tgz",
			"integrity": "sha512-wZ2o9B2qkdE3RumWhfyZT9swgJYJPeU5qHEcMU8weYpmLex1eeWX0CC32/Y0VutB+BBi2D+iePV/YZIiB4kZGw==",
			"requires": {
				"attr-accept": "^1.1.3",
				"file-selector": "^0.1.8",
				"prop-types": "^15.6.2",
				"prop-types-extra": "^1.1.0"
			}
		},
		"react-focus-lock": {
			"version": "1.19.1",
			"resolved": "https://registry.npmjs.org/react-focus-lock/-/react-focus-lock-1.19.1.tgz",
			"integrity": "sha512-TPpfiack1/nF4uttySfpxPk4rGZTLXlaZl7ncZg/ELAk24Iq2B1UUaUioID8H8dneUXqznT83JTNDHDj+kwryw==",
			"requires": {
				"@babel/runtime": "^7.0.0",
				"focus-lock": "^0.6.3",
				"prop-types": "^15.6.2",
				"react-clientside-effect": "^1.2.0"
			}
		},
		"react-input-mask": {
			"version": "2.0.4",
			"resolved": "https://registry.npmjs.org/react-input-mask/-/react-input-mask-2.0.4.tgz",
			"integrity": "sha512-1hwzMr/aO9tXfiroiVCx5EtKohKwLk/NT8QlJXHQ4N+yJJFyUuMT+zfTpLBwX/lK3PkuMlievIffncpMZ3HGRQ==",
			"requires": {
				"invariant": "^2.2.4",
				"warning": "^4.0.2"
			},
			"dependencies": {
				"warning": {
					"version": "4.0.3",
					"resolved": "https://registry.npmjs.org/warning/-/warning-4.0.3.tgz",
					"integrity": "sha512-rpJyN222KWIvHJ/F53XSZv0Zl/accqHR8et1kpaMTD/fLCRxtV8iX8czMzY7sVZupTI3zcUTg8eycS2kNF9l6w==",
					"requires": {
						"loose-envify": "^1.0.0"
					}
				}
			}
		},
		"react-is": {
			"version": "16.9.0",
			"resolved": "https://registry.npmjs.org/react-is/-/react-is-16.9.0.tgz",
			"integrity": "sha512-tJBzzzIgnnRfEm046qRcURvwQnZVXmuCbscxUO5RWrGTXpon2d4c8mI0D8WE6ydVIm29JiLB6+RslkIvym9Rjw=="
		},
		"react-lifecycles-compat": {
			"version": "3.0.4",
			"resolved": "https://registry.npmjs.org/react-lifecycles-compat/-/react-lifecycles-compat-3.0.4.tgz",
			"integrity": "sha512-fBASbA6LnOU9dOU2eW7aQ8xmYBSXUIWr+UmF9b1efZBazGNO+rcXT/icdKnYm2pTwcRylVUYwW7H1PHfLekVzA=="
		},
		"react-movable": {
			"version": "2.2.0",
			"resolved": "https://registry.npmjs.org/react-movable/-/react-movable-2.2.0.tgz",
			"integrity": "sha512-hYv+vJ0pMXvemsnMgiDL7TH/muk1dGg9EHXH5tM6fFzdDmXGXlu8ijMErls9zYXzdZen/ghOUHBkBv4zC9EOyQ=="
		},
		"react-multi-ref": {
			"version": "1.0.0",
			"resolved": "https://registry.npmjs.org/react-multi-ref/-/react-multi-ref-1.0.0.tgz",
			"integrity": "sha512-LJuQXEabnv8JLcvcWeJcTogxG4eXVFiPfQ9CECuwWUbfJdrVpPf13m9RxmImyJS0J99BWokGn7dlR1dR06XPDw==",
			"requires": {
				"@babel/runtime": "^7.1.2"
			}
		},
		"react-range": {
			"version": "1.3.0",
			"resolved": "https://registry.npmjs.org/react-range/-/react-range-1.3.0.tgz",
			"integrity": "sha512-FIVXwY0AIFoLRJRwDKlZtoLA1CZ4ONOtpmSoHwQRD5kMcakPfxpPqvLqHMN9R5lyJqkHO4ljUQdLX+P3vzxuNg=="
		},
		"react-virtualized": {
			"version": "9.21.1",
			"resolved": "https://registry.npmjs.org/react-virtualized/-/react-virtualized-9.21.1.tgz",
			"integrity": "sha512-E53vFjRRMCyUTEKuDLuGH1ld/9TFzjf/fFW816PE4HFXWZorESbSTYtiZz1oAjra0MminaUU1EnvUxoGuEFFPA==",
			"requires": {
				"babel-runtime": "^6.26.0",
				"clsx": "^1.0.1",
				"dom-helpers": "^2.4.0 || ^3.0.0",
				"linear-layout-vector": "0.0.1",
				"loose-envify": "^1.3.0",
				"prop-types": "^15.6.0",
				"react-lifecycles-compat": "^3.0.4"
			}
		},
		"reactn": {
			"version": "2.2.1",
			"resolved": "https://registry.npmjs.org/reactn/-/reactn-2.2.1.tgz",
			"integrity": "sha512-7jYGbEIkHWu+o+D/jyT62zcjteqQnWSk4o2APi0fUGEmn//SGAMbeFQqAzd3vGcQlz+vX5uirFbqp7uC2GdmmQ==",
			"requires": {
				"use-force-update": "^1.0.5"
			}
		},
		"readable-stream": {
			"version": "2.3.6",
			"resolved": "https://registry.npmjs.org/readable-stream/-/readable-stream-2.3.6.tgz",
			"integrity": "sha512-tQtKA9WIAhBF3+VLAseyMqZeBjW0AHJoxOtYqSUZNJxauErmLbVm2FW1y+J/YA9dUrAC39ITejlZWhVIwawkKw==",
			"requires": {
				"core-util-is": "~1.0.0",
				"inherits": "~2.0.3",
				"isarray": "~1.0.0",
				"process-nextick-args": "~2.0.0",
				"safe-buffer": "~5.1.1",
				"string_decoder": "~1.1.1",
				"util-deprecate": "~1.0.1"
			}
		},
		"regenerator-runtime": {
			"version": "0.13.3",
			"resolved": "https://registry.npmjs.org/regenerator-runtime/-/regenerator-runtime-0.13.3.tgz",
			"integrity": "sha512-naKIZz2GQ8JWh///G7L3X6LaQUAMp2lvb1rvwwsURe/VXwD6VMfr+/1NuNw3ag8v2kY1aQ/go5SNn79O9JU7yw=="
		},
		"rimraf": {
			"version": "2.7.1",
			"resolved": "https://registry.npmjs.org/rimraf/-/rimraf-2.7.1.tgz",
			"integrity": "sha512-uWjbaKIK3T1OSVptzX7Nl6PvQ3qAGtKEtVRjRuazjfL3Bx5eI409VZSqgND+4UNnmzLVdPj9FqFJNPqBZFve4w==",
			"requires": {
				"glob": "^7.1.3"
			}
		},
		"safe-buffer": {
			"version": "5.1.2",
			"resolved": "https://registry.npmjs.org/safe-buffer/-/safe-buffer-5.1.2.tgz",
			"integrity": "sha512-Gd2UZBJDkXlY7GbJxfsE8/nvKkUEU1G38c1siN6QP6a9PT9MmHB8GnpscSmMJSoF8LOIrt8ud/wPtojys4G6+g=="
		},
		"smoothscroll-polyfill": {
			"version": "0.4.4",
			"resolved": "https://registry.npmjs.org/smoothscroll-polyfill/-/smoothscroll-polyfill-0.4.4.tgz",
			"integrity": "sha512-TK5ZA9U5RqCwMpfoMq/l1mrH0JAR7y7KRvOBx0n2869aLxch+gT9GhN3yUfjiw+d/DiF1mKo14+hd62JyMmoBg=="
		},
		"string_decoder": {
			"version": "1.1.1",
			"resolved": "https://registry.npmjs.org/string_decoder/-/string_decoder-1.1.1.tgz",
			"integrity": "sha512-n/ShnvDi6FHbbVfviro+WojiFzv+s8MPMHBczVePfUpDJLwoLT0ht1l4YwBCbi8pJAveEEdnkHyPyTP/mzRfwg==",
			"requires": {
				"safe-buffer": "~5.1.0"
			}
		},
		"styletron-engine-atomic": {
			"version": "1.4.0",
			"resolved": "https://registry.npmjs.org/styletron-engine-atomic/-/styletron-engine-atomic-1.4.0.tgz",
			"integrity": "sha512-JpJ8KF8i2FAb/ZGXdsiwpipgPiyn+mkatP9o5bnqfyijDrlNpfxGDEnW+nYxi0JDKvV7yqiPabVOD2ahi/CaDQ==",
			"requires": {
				"inline-style-prefixer": "^5.1.0",
				"styletron-standard": "^3.0.0"
			}
		},
		"styletron-react": {
			"version": "5.2.0",
			"resolved": "https://registry.npmjs.org/styletron-react/-/styletron-react-5.2.0.tgz",
			"integrity": "sha512-UX7Yvz7pUe9s0VRoShMAoFi9KJLfJMbbNFrwiK6rmjtjjA69yfrA75gGrb/BjUO003t3K/MDHInUg/uJb90PQQ==",
			"requires": {
				"prop-types": "^15.6.0",
				"styletron-standard": "^3.0.0"
			}
		},
		"styletron-standard": {
			"version": "3.0.1",
			"resolved": "https://registry.npmjs.org/styletron-standard/-/styletron-standard-3.0.1.tgz",
			"integrity": "sha512-d35UYM4aCf4GDNv7o4ZC8YGkCyGS4Yp4SmbyKOxLxI7JcMJ2hLs+PTwcL41HW65WzZXy6XLDR/H5Fr3919ReoQ==",
			"requires": {
				"csstype": "2.6.5",
				"inline-style-prefixer": "^5.1.0"
			},
			"dependencies": {
				"csstype": {
					"version": "2.6.5",
					"resolved": "https://registry.npmjs.org/csstype/-/csstype-2.6.5.tgz",
					"integrity": "sha512-JsTaiksRsel5n7XwqPAfB0l3TFKdpjW/kgAELf9vrb5adGA7UCPLajKK5s3nFrcFm3Rkyp/Qkgl73ENc1UY3cA=="
				}
			}
		},
		"timezone-support": {
			"version": "2.0.2",
			"resolved": "https://registry.npmjs.org/timezone-support/-/timezone-support-2.0.2.tgz",
			"integrity": "sha512-J/1PyHCX76vOPuJzCyHMQMH2wTjXCJ30R5EXaS/QTi+xYsL0thS0pubDrHCWnfG4zU1jpPJtctnBBRCOpcJZeQ==",
			"requires": {
				"commander": "2.20.0"
			}
		},
		"tslib": {
			"version": "1.10.0",
			"resolved": "https://registry.npmjs.org/tslib/-/tslib-1.10.0.tgz",
			"integrity": "sha512-qOebF53frne81cf0S9B41ByenJ3/IuH8yJKngAX35CmiZySA0khhkovshKK+jGCaMnVomla7gVlIcc3EvKPbTQ=="
		},
		"typedarray": {
			"version": "0.0.6",
			"resolved": "https://registry.npmjs.org/typedarray/-/typedarray-0.0.6.tgz",
			"integrity": "sha1-hnrHTjhkGHsdPUfZlqeOxciDB3c="
		},
		"use-force-update": {
			"version": "1.0.7",
			"resolved": "https://registry.npmjs.org/use-force-update/-/use-force-update-1.0.7.tgz",
			"integrity": "sha512-k5dppYhO+I5X/cd7ildbrzeMZJkWwdAh5adaIk0qKN2euh7J0h2GBGBcB4QZ385eyHHnp7LIygvebdRx3XKdwA=="
		},
		"util-deprecate": {
			"version": "1.0.2",
			"resolved": "https://registry.npmjs.org/util-deprecate/-/util-deprecate-1.0.2.tgz",
			"integrity": "sha1-RQ1Nyfpw3nMnYvvS1KKJgUGaDM8="
		},
		"wrappy": {
			"version": "1.0.2",
			"resolved": "https://registry.npmjs.org/wrappy/-/wrappy-1.0.2.tgz",
			"integrity": "sha1-tSQ9jz7BqjXxNkYFvA0QNuMKtp8="
		},
		"ws": {
			"version": "6.2.1",
			"resolved": "https://registry.npmjs.org/ws/-/ws-6.2.1.tgz",
			"integrity": "sha512-GIyAXC2cB7LjvpgMt9EKS2ldqr0MTrORaleiOno6TweZ6r3TKtoFQWay/2PceJ3RuBasOHzXNn5Lrw1X0bEjqA==",
			"requires": {
				"async-limiter": "~1.0.0"
			}
		},
		"yauzl": {
			"version": "2.4.1",
			"resolved": "https://registry.npmjs.org/yauzl/-/yauzl-2.4.1.tgz",
			"integrity": "sha1-lSj0QtqxsihOWLQ3m7GU4i4MQAU=",
			"requires": {
				"fd-slicer": "~1.0.1"
			}
		}
	}
}
